{
  "version": "2",
  "remote": {
    "https://deno.land/std@0.132.0/_deno_unstable.ts": "23a1a36928f1b6d3b0170aaa67de09af12aa998525f608ff7331b9fb364cbde6",
    "https://deno.land/std@0.132.0/_util/assert.ts": "e94f2eb37cebd7f199952e242c77654e43333c1ac4c5c700e929ea3aa5489f74",
    "https://deno.land/std@0.132.0/_util/os.ts": "49b92edea1e82ba295ec946de8ffd956ed123e2948d9bd1d3e901b04e4307617",
    "https://deno.land/std@0.132.0/bytes/bytes_list.ts": "67eb118e0b7891d2f389dad4add35856f4ad5faab46318ff99653456c23b025d",
    "https://deno.land/std@0.132.0/bytes/equals.ts": "fc16dff2090cced02497f16483de123dfa91e591029f985029193dfaa9d894c9",
    "https://deno.land/std@0.132.0/bytes/mod.ts": "d3b455c0dbd4804644159d1e25946ade5ee385d2359894de49e2c6101b18b7a9",
    "https://deno.land/std@0.132.0/flags/mod.ts": "430cf2d1c26e00286373b2647ebdca637f7558505e88e9c108a4742cd184c916",
    "https://deno.land/std@0.132.0/fmt/colors.ts": "30455035d6d728394781c10755351742dd731e3db6771b1843f9b9e490104d37",
    "https://deno.land/std@0.132.0/fs/_util.ts": "0fb24eb4bfebc2c194fb1afdb42b9c3dda12e368f43e8f2321f84fc77d42cb0f",
    "https://deno.land/std@0.132.0/fs/copy.ts": "9248d1492599957af8c693ceb10a432b09f0b0b61c60a4d6aff29b0c7d3a17b3",
    "https://deno.land/std@0.132.0/fs/empty_dir.ts": "7274d87160de34cbed0531e284df383045cf43543bbeadeb97feac598bd8f3c5",
    "https://deno.land/std@0.132.0/fs/ensure_dir.ts": "9dc109c27df4098b9fc12d949612ae5c9c7169507660dcf9ad90631833209d9d",
    "https://deno.land/std@0.132.0/fs/ensure_file.ts": "7d353e64fee3d4d1e7c6b6726a2a5e987ba402c15fb49566309042887349c545",
    "https://deno.land/std@0.132.0/fs/ensure_link.ts": "489e23df9fe3e6636048b5830ddf0f111eb29621eb85719255ad9bd645f3471b",
    "https://deno.land/std@0.132.0/fs/ensure_symlink.ts": "88dc83de1bc90ed883dd458c2d2eae3d5834a4617d12925734836e1f0803b274",
    "https://deno.land/std@0.132.0/fs/eol.ts": "b92f0b88036de507e7e6fbedbe8f666835ea9dcbf5ac85917fa1fadc919f83a5",
    "https://deno.land/std@0.132.0/fs/exists.ts": "cb734d872f8554ea40b8bff77ad33d4143c1187eac621a55bf37781a43c56f6d",
    "https://deno.land/std@0.132.0/fs/expand_glob.ts": "0c10130d67c9b02164b03df8e43c6d6defbf8e395cb69d09e84a8586e6d72ac3",
    "https://deno.land/std@0.132.0/fs/mod.ts": "4dc052c461c171abb5c25f6e0f218ab838a716230930b534ba351745864b7d6d",
    "https://deno.land/std@0.132.0/fs/move.ts": "0573cedcf583f09a9494f2dfccbf67de68a93629942d6b5e6e74a9e45d4e8a2e",
    "https://deno.land/std@0.132.0/fs/walk.ts": "117403ccd21fd322febe56ba06053b1ad5064c802170f19b1ea43214088fe95f",
    "https://deno.land/std@0.132.0/io/buffer.ts": "bd0c4bf53db4b4be916ca5963e454bddfd3fcd45039041ea161dbf826817822b",
    "https://deno.land/std@0.132.0/io/types.d.ts": "01f60ae7ec02675b5dbed150d258fc184a78dfe5c209ef53ba4422b46b58822c",
    "https://deno.land/std@0.132.0/log/handlers.ts": "f23c58814771be49e203ff81c2852894347e602718d5bcd279e47060fd0192e9",
    "https://deno.land/std@0.132.0/log/levels.ts": "82c965b90f763b5313e7595d4ba78d5095a13646d18430ebaf547526131604d1",
    "https://deno.land/std@0.132.0/log/logger.ts": "30770bf29053d1c8d1054ec52ab385da8e5b8a43973da32c84dea819e5a11b52",
    "https://deno.land/std@0.132.0/log/mod.ts": "e200a8600a9e9ac2b10668fda0e6537a1444c5050ea6a04c826df52519bf35fd",
    "https://deno.land/std@0.132.0/path/_constants.ts": "df1db3ffa6dd6d1252cc9617e5d72165cd2483df90e93833e13580687b6083c3",
    "https://deno.land/std@0.132.0/path/_interface.ts": "ee3b431a336b80cf445441109d089b70d87d5e248f4f90ff906820889ecf8d09",
    "https://deno.land/std@0.132.0/path/_util.ts": "c1e9686d0164e29f7d880b2158971d805b6e0efc3110d0b3e24e4b8af2190d2b",
    "https://deno.land/std@0.132.0/path/common.ts": "bee563630abd2d97f99d83c96c2fa0cca7cee103e8cb4e7699ec4d5db7bd2633",
    "https://deno.land/std@0.132.0/path/glob.ts": "cb5255638de1048973c3e69e420c77dc04f75755524cb3b2e160fe9277d939ee",
    "https://deno.land/std@0.132.0/path/mod.ts": "4275129bb766f0e475ecc5246aa35689eeade419d72a48355203f31802640be7",
    "https://deno.land/std@0.132.0/path/posix.ts": "663e4a6fe30a145f56aa41a22d95114c4c5582d8b57d2d7c9ed27ad2c47636bb",
    "https://deno.land/std@0.132.0/path/separator.ts": "fe1816cb765a8068afb3e8f13ad272351c85cbc739af56dacfc7d93d710fe0f9",
    "https://deno.land/std@0.132.0/path/win32.ts": "e7bdf63e8d9982b4d8a01ef5689425c93310ece950e517476e22af10f41a136e",
    "https://deno.land/std@0.132.0/testing/_diff.ts": "9d849cd6877694152e01775b2d93f9d6b7aef7e24bfe3bfafc4d7a1ac8e9f392",
    "https://deno.land/std@0.132.0/testing/asserts.ts": "b0ef969032882b1f7eb1c7571e313214baa1485f7b61cf35807b2434e254365c",
    "https://deno.land/x/semver@v1.4.0/mod.ts": "c3e08f7f0a3e625015ecc9a46cf79a9dc3f081f3c5b3037d3c49c0773e58d265",
    "https://esm.sh/@abraham/reflection@0.10.0": "6ba48adfa33e804bfd2670135b3d37b1cc593e395c2777132a880a5a6760b95e",
    "https://esm.sh/tsyringe@4.6.0": "fd98ea4c206a411b6cedaf0c126e4be6cc3bd38b922c92c6bdd41660dfd69f8f",
    "https://esm.sh/v115/@abraham/reflection@0.10.0/deno/reflection.mjs": "b4923e4f9bf3d9ae379dc1d85179e2b38d9c9eab50a802bf60336868f952dab8",
    "https://esm.sh/v115/@abraham/reflection@0.10.0/dist/index.d.ts": "b6471baf96782f6604fc73e069a2d5b89e03f5c144fc95800d528cf353c08d50",
    "https://esm.sh/v115/tslib@1.14.1/deno/tslib.mjs": "54d4cfab020c653fb0662087cacbd2682b1ee8e79141a18a0aad3a771c7fde1e",
    "https://esm.sh/v115/tsyringe@4.6.0/deno/tsyringe.mjs": "c3c8f5e004e3661b72d93d8be70cf84532ded79941d01d94a88c6b7455f497c7",
    "https://esm.sh/v115/tsyringe@4.6.0/dist/typings/decorators/auto-injectable.d.ts": "856776e29c8f096a30377927ee5a90368b486c91b870d558be7bf6334518ecd4",
    "https://esm.sh/v115/tsyringe@4.6.0/dist/typings/decorators/index.d.ts": "9b3d8edb27db4740452eab518bdebf57a144992998b9692cf729e7804b5d98ba",
    "https://esm.sh/v115/tsyringe@4.6.0/dist/typings/decorators/inject-all-with-transform.d.ts": "21007dda97dccf76d3cc8684ec603956dfa0541fcf1bcb681e324b46337cc747",
    "https://esm.sh/v115/tsyringe@4.6.0/dist/typings/decorators/inject-all.d.ts": "bd3242c592d940fcb0b278b626ba1e388fb148258566afa96ec2ef3686868a00",
    "https://esm.sh/v115/tsyringe@4.6.0/dist/typings/decorators/inject-with-transform.d.ts": "27b8cf9641e7ec59c4c9ef9a46562be7e26ebd9c423a57469e3185bf728b0d45",
    "https://esm.sh/v115/tsyringe@4.6.0/dist/typings/decorators/inject.d.ts": "40a50c9669aed5c03f54dbb5c697c33b6c2b4b8fec0fce5a4e6d23795732d161",
    "https://esm.sh/v115/tsyringe@4.6.0/dist/typings/decorators/injectable.d.ts": "6a7a890355692f0c7a162240866e0863991b92fb4de494b426fbe81aa466048e",
    "https://esm.sh/v115/tsyringe@4.6.0/dist/typings/decorators/registry.d.ts": "46dd727ef9bf3a9300836e2ca8899d033cdc771f295168c73bdaf199079f8cb7",
    "https://esm.sh/v115/tsyringe@4.6.0/dist/typings/decorators/scoped.d.ts": "288c27cb1ae06544f6fceae2caa8f582780a7e38e4deaead5e2e5486ea3937e6",
    "https://esm.sh/v115/tsyringe@4.6.0/dist/typings/decorators/singleton.d.ts": "fb875772a927328197139e36e16afd63a93491c19e7e70c9af8ca3ea315174f1",
    "https://esm.sh/v115/tsyringe@4.6.0/dist/typings/dependency-container.d.ts": "0a7071f6a05a1df62188fe3494e317d3106b8febd8659de1450f9b3f5167ad1a",
    "https://esm.sh/v115/tsyringe@4.6.0/dist/typings/factories/factory-function.d.ts": "096c597bee14ace726f81829f7eebd38e11b368a9fb61d0a6dbb84e27d19541a",
    "https://esm.sh/v115/tsyringe@4.6.0/dist/typings/factories/index.d.ts": "c2088a64de2c169f581982c722555c3318fdbba494fa4aa717ff58796e5a16eb",
    "https://esm.sh/v115/tsyringe@4.6.0/dist/typings/factories/instance-caching-factory.d.ts": "69b04870903606023fb79d0b9824ab88f724bc3c4211be938d19646ce243e9c0",
    "https://esm.sh/v115/tsyringe@4.6.0/dist/typings/factories/instance-per-container-caching-factory.d.ts": "4af747f31483d5e6b5b049ed37539c39fb92cedd07638dbaeedaa8d0c2063cd7",
    "https://esm.sh/v115/tsyringe@4.6.0/dist/typings/factories/predicate-aware-class-factory.d.ts": "545877f5a232daaa10d288f33d631605fa3f25251f22670ec76aaca402fe8357",
    "https://esm.sh/v115/tsyringe@4.6.0/dist/typings/index.d.ts": "27587c7813cf9834f066e7c38a0e818d336da9c9c82c0bf57bbb7ba582797380",
    "https://esm.sh/v115/tsyringe@4.6.0/dist/typings/lazy-helpers.d.ts": "8b635a6415cd6cf0eb4e56c4c70e1442774b982ebe9618207a356333aabcbcb8",
    "https://esm.sh/v115/tsyringe@4.6.0/dist/typings/providers/class-provider.d.ts": "1879627c9fff25ddb704739a269503f24f8595d0a214629dc0f11f975dadacff",
    "https://esm.sh/v115/tsyringe@4.6.0/dist/typings/providers/factory-provider.d.ts": "676b9a0ba62b2f9240e8bd9f81a9fa65be1957905ceaa98ea51fee22e28ba7c0",
    "https://esm.sh/v115/tsyringe@4.6.0/dist/typings/providers/index.d.ts": "3209eb522f47906be9314f5fcb6fe0c40cff269afa540e7401ca97ae09488e81",
    "https://esm.sh/v115/tsyringe@4.6.0/dist/typings/providers/injection-token.d.ts": "0b61e3c6aed37c691f93609f0046c33d6c3feb935cf00432f407ae90238d5223",
    "https://esm.sh/v115/tsyringe@4.6.0/dist/typings/providers/provider.d.ts": "23f60deff56b7b3d7550b76e2ce7d8d700d88f77e37e230172eb0663f17f56d6",
    "https://esm.sh/v115/tsyringe@4.6.0/dist/typings/providers/token-provider.d.ts": "c7c317c9e636b8fde480e54d796133a06cc62608cd0af7e14c5fdd8822370877",
    "https://esm.sh/v115/tsyringe@4.6.0/dist/typings/providers/value-provider.d.ts": "c4f7b9a8eba4a92860cf659c87f2691ab85ee20f17ecdb7acbc57a02cfa0dc6e",
    "https://esm.sh/v115/tsyringe@4.6.0/dist/typings/types/constructor.d.ts": "dc9db798c605d6aca65d8671c7c83708f6f21c468c6a5154c2c215db716e85de",
    "https://esm.sh/v115/tsyringe@4.6.0/dist/typings/types/dependency-container.d.ts": "93c1dda0807e6c766885007f1e34d322740770e5a1c708ad867b3b42bfd8c13f",
    "https://esm.sh/v115/tsyringe@4.6.0/dist/typings/types/dictionary.d.ts": "b79fbdf51e1f2d9f9ddb5d2f0f268e6994a6995a6fd4c8dc7d15bbcf14898368",
    "https://esm.sh/v115/tsyringe@4.6.0/dist/typings/types/frequency.d.ts": "b09577e6d3e3d30676bbe845435fe9c54d3bc35d2080746b8b6311a0cad051a8",
    "https://esm.sh/v115/tsyringe@4.6.0/dist/typings/types/index.d.ts": "f0ed4807a11fb71df61ebe5e8ba970495704e69b9b4c8cf863b2529ca78eda53",
    "https://esm.sh/v115/tsyringe@4.6.0/dist/typings/types/interceptor-options.d.ts": "f6f5806539814f2761021d84d57b7911a8448e7a4cece700b22ac4622f9c4c68",
    "https://esm.sh/v115/tsyringe@4.6.0/dist/typings/types/lifecycle.d.ts": "c442590ef92fcb502f7762f61913c0db9027839a63f04b12fcd687996853e2f0",
    "https://esm.sh/v115/tsyringe@4.6.0/dist/typings/types/registration-options.d.ts": "b07eadb87aa3accb097690adce5575b3e0efa66d2e8d893b5a913c8a44f97ba3",
    "https://esm.sh/v115/tsyringe@4.6.0/dist/typings/types/transform.d.ts": "0bce4a5303f795de76667a9f1a1f27eea3ac35cb373ff2fb5447b6c83017192c"
  }
}
